
Microsoft Visual Studio Solution File, Format Version 12.00
# Visual Studio Version 17
VisualStudioVersion = 17.5.002.0
MinimumVisualStudioVersion = 10.0.40219.1
Project("{2150E333-8FDC-42A3-9474-1A3956D46DE8}") = "src", "src", "{2079CA75-A138-40E0-9594-75284DA19BA8}"
EndProject
Project("{9A19103F-16F7-4668-BE54-9A1E7A4F7556}") = "Play.Common", "src\Play.Common\Play.Common.csproj", "{3CC513D1-49BC-42A2-A2FD-C95DF0867950}"
EndProject
Global
	GlobalSection(SolutionConfigurationPlatforms) = preSolution
		Debug|Any CPU = Debug|Any CPU
		Release|Any CPU = Release|Any CPU
	EndGlobalSection
	GlobalSection(ProjectConfigurationPlatforms) = postSolution
		{3CC513D1-49BC-42A2-A2FD-C95DF0867950}.Debug|Any CPU.ActiveCfg = Debug|Any CPU
		{3CC513D1-49BC-42A2-A2FD-C95DF0867950}.Debug|Any CPU.Build.0 = Debug|Any CPU
		{3CC513D1-49BC-42A2-A2FD-C95DF0867950}.Release|Any CPU.ActiveCfg = Release|Any CPU
		{3CC513D1-49BC-42A2-A2FD-C95DF0867950}.Release|Any CPU.Build.0 = Release|Any CPU
	EndGlobalSection
	GlobalSection(SolutionProperties) = preSolution
		HideSolutionNode = FALSE
	EndGlobalSection
	GlobalSection(NestedProjects) = preSolution
		{3CC513D1-49BC-42A2-A2FD-C95DF0867950} = {2079CA75-A138-40E0-9594-75284DA19BA8}
	EndGlobalSection
	GlobalSection(ExtensibilityGlobals) = postSolution
		SolutionGuid = {B351D5E0-8CFD-4859-B9C7-0DFC28ADF161}
	EndGlobalSection
EndGlobal
